
Microsoft Visual Studio Solution File, Format Version 12.00
# Visual Studio Version 17
VisualStudioVersion = 17.7.34031.279
MinimumVisualStudioVersion = 10.0.40219.1
Project("{8BC9CEB8-8B4A-11D0-8D11-00A0C91BC942}") = "lab02", "lab02.vcxproj", "{3B1BD582-7648-4F41-82BD-DF9B1D7FF0BE}"
EndProject
Project("{8BC9CEB8-8B4A-11D0-8D11-00A0C91BC942}") = "BitArrayTest", "..\BitArrayTest\BitArrayTest.vcxproj", "{FACFF02D-A853-407A-9812-328EFB733775}"
EndProject
Global
	GlobalSection(SolutionConfigurationPlatforms) = preSolution
		Debug|x64 = Debug|x64
		Debug|x86 = Debug|x86
		Release|x64 = Release|x64
		Release|x86 = Release|x86
	EndGlobalSection
	GlobalSection(ProjectConfigurationPlatforms) = postSolution
		{3B1BD582-7648-4F41-82BD-DF9B1D7FF0BE}.Debug|x64.ActiveCfg = Debug|x64
		{3B1BD582-7648-4F41-82BD-DF9B1D7FF0BE}.Debug|x64.Build.0 = Debug|x64
		{3B1BD582-7648-4F41-82BD-DF9B1D7FF0BE}.Debug|x86.ActiveCfg = Debug|Win32
		{3B1BD582-7648-4F41-82BD-DF9B1D7FF0BE}.Debug|x86.Build.0 = Debug|Win32
		{3B1BD582-7648-4F41-82BD-DF9B1D7FF0BE}.Release|x64.ActiveCfg = Release|x64
		{3B1BD582-7648-4F41-82BD-DF9B1D7FF0BE}.Release|x64.Build.0 = Release|x64
		{3B1BD582-7648-4F41-82BD-DF9B1D7FF0BE}.Release|x86.ActiveCfg = Release|Win32
		{3B1BD582-7648-4F41-82BD-DF9B1D7FF0BE}.Release|x86.Build.0 = Release|Win32
		{FACFF02D-A853-407A-9812-328EFB733775}.Debug|x64.ActiveCfg = Debug|x64
		{FACFF02D-A853-407A-9812-328EFB733775}.Debug|x64.Build.0 = Debug|x64
		{FACFF02D-A853-407A-9812-328EFB733775}.Debug|x86.ActiveCfg = Debug|Win32
		{FACFF02D-A853-407A-9812-328EFB733775}.Debug|x86.Build.0 = Debug|Win32
		{FACFF02D-A853-407A-9812-328EFB733775}.Release|x64.ActiveCfg = Release|x64
		{FACFF02D-A853-407A-9812-328EFB733775}.Release|x64.Build.0 = Release|x64
		{FACFF02D-A853-407A-9812-328EFB733775}.Release|x86.ActiveCfg = Release|Win32
		{FACFF02D-A853-407A-9812-328EFB733775}.Release|x86.Build.0 = Release|Win32
	EndGlobalSection
	GlobalSection(SolutionProperties) = preSolution
		HideSolutionNode = FALSE
	EndGlobalSection
	GlobalSection(ExtensibilityGlobals) = postSolution
		SolutionGuid = {0A0D96D6-AED8-4A09-ABA5-DD3012897484}
	EndGlobalSection
EndGlobal
